
Microsoft Visual Studio Solution File, Format Version 12.00
# Visual Studio Version 17
VisualStudioVersion = 17.7.34024.191
MinimumVisualStudioVersion = 10.0.40219.1
Project("{FAE04EC0-301F-11D3-BF4B-00C04F79EFBC}") = "VBC", "VBC\VBC.csproj", "{ABE5997E-1C60-4AFE-9B50-9E6D7F3A5143}"
EndProject
Global
	GlobalSection(SolutionConfigurationPlatforms) = preSolution
		Debug|Any CPU = Debug|Any CPU
		Release|Any CPU = Release|Any CPU
	EndGlobalSection
	GlobalSection(ProjectConfigurationPlatforms) = postSolution
		{ABE5997E-1C60-4AFE-9B50-9E6D7F3A5143}.Debug|Any CPU.ActiveCfg = Debug|Any CPU
		{ABE5997E-1C60-4AFE-9B50-9E6D7F3A5143}.Debug|Any CPU.Build.0 = Debug|Any CPU
		{ABE5997E-1C60-4AFE-9B50-9E6D7F3A5143}.Release|Any CPU.ActiveCfg = Release|Any CPU
		{ABE5997E-1C60-4AFE-9B50-9E6D7F3A5143}.Release|Any CPU.Build.0 = Release|Any CPU
	EndGlobalSection
	GlobalSection(SolutionProperties) = preSolution
		HideSolutionNode = FALSE
	EndGlobalSection
	GlobalSection(ExtensibilityGlobals) = postSolution
		SolutionGuid = {1AF0069E-1781-46CB-B125-1AF65E9C13F8}
	EndGlobalSection
EndGlobal
